// !$*UTF8*$!
{
	archiveVersion = 1;
	classes = {
	};
	objectVersion = 46;
	objects = {

/* Begin PBXBuildFile section */
		AD0ED4C41A7E8ABB003B852E /* Images.xcassets in Resources */ = {isa = PBXBuildFile; fileRef = AD0ED4C31A7E8ABB003B852E /* Images.xcassets */; };
		AD0ED4C71A7E8ABB003B852E /* LaunchScreen.xib in Resources */ = {isa = PBXBuildFile; fileRef = AD0ED4C51A7E8ABB003B852E /* LaunchScreen.xib */; };
		AD0ED4D31A7E8ABB003B852E /* _1__Tests.swift in Sources */ = {isa = PBXBuildFile; fileRef = AD0ED4D21A7E8ABB003B852E /* _1__Tests.swift */; };
		AD0ED4E31A7E8B78003B852E /* card2.wav in Resources */ = {isa = PBXBuildFile; fileRef = AD0ED4DD1A7E8B78003B852E /* card2.wav */; };
		AD0ED4E51A7E8B78003B852E /* ext.wav in Resources */ = {isa = PBXBuildFile; fileRef = AD0ED4DF1A7E8B78003B852E /* ext.wav */; };
		AD0ED4E61A7E8B78003B852E /* click.wav in Resources */ = {isa = PBXBuildFile; fileRef = AD0ED4E01A7E8B78003B852E /* click.wav */; };
		AD0ED4E71A7E8B78003B852E /* cze.caf in Resources */ = {isa = PBXBuildFile; fileRef = AD0ED4E11A7E8B78003B852E /* cze.caf */; };
		AD0ED4E81A7E8B78003B852E /* success.wav in Resources */ = {isa = PBXBuildFile; fileRef = AD0ED4E21A7E8B78003B852E /* success.wav */; };
		AD0ED4FB1A7E8C1F003B852E /* title.swift in Sources */ = {isa = PBXBuildFile; fileRef = AD0ED4EB1A7E8C1F003B852E /* title.swift */; };
		AD0ED4FC1A7E8C1F003B852E /* CoverVerticalTopSeque.swift in Sources */ = {isa = PBXBuildFile; fileRef = AD0ED4EC1A7E8C1F003B852E /* CoverVerticalTopSeque.swift */; };
		AD0ED4FD1A7E8C1F003B852E /* GameScene.swift in Sources */ = {isa = PBXBuildFile; fileRef = AD0ED4ED1A7E8C1F003B852E /* GameScene.swift */; };
		AD0ED4FE1A7E8C1F003B852E /* GameViewController.swift in Sources */ = {isa = PBXBuildFile; fileRef = AD0ED4EE1A7E8C1F003B852E /* GameViewController.swift */; };
		AD0ED4FF1A7E8C1F003B852E /* AppDelegate.swift in Sources */ = {isa = PBXBuildFile; fileRef = AD0ED4EF1A7E8C1F003B852E /* AppDelegate.swift */; };
		AD0ED5001A7E8C1F003B852E /* score.swift in Sources */ = {isa = PBXBuildFile; fileRef = AD0ED4F01A7E8C1F003B852E /* score.swift */; };
		AD0ED5011A7E8C1F003B852E /* PageItemController.swift in Sources */ = {isa = PBXBuildFile; fileRef = AD0ED4F11A7E8C1F003B852E /* PageItemController.swift */; };
		AD0ED5021A7E8C1F003B852E /* Helpview.swift in Sources */ = {isa = PBXBuildFile; fileRef = AD0ED4F21A7E8C1F003B852E /* Helpview.swift */; };
		AD0ED5031A7E8C1F003B852E /* customview.swift in Sources */ = {isa = PBXBuildFile; fileRef = AD0ED4F31A7E8C1F003B852E /* customview.swift */; };
		AD0ED5041A7E8C1F003B852E /* logic.swift in Sources */ = {isa = PBXBuildFile; fileRef = AD0ED4F41A7E8C1F003B852E /* logic.swift */; };
		AD0ED5051A7E8C1F003B852E /* point.swift in Sources */ = {isa = PBXBuildFile; fileRef = AD0ED4F51A7E8C1F003B852E /* point.swift */; };
		AD0ED5061A7E8C1F003B852E /* rank.swift in Sources */ = {isa = PBXBuildFile; fileRef = AD0ED4F61A7E8C1F003B852E /* rank.swift */; };
		AD0ED5071A7E8C1F003B852E /* operation.swift in Sources */ = {isa = PBXBuildFile; fileRef = AD0ED4F71A7E8C1F003B852E /* operation.swift */; };
		AD0ED5091A7E8C1F003B852E /* ss.swift in Sources */ = {isa = PBXBuildFile; fileRef = AD0ED4F91A7E8C1F003B852E /* ss.swift */; };
		AD0ED50A1A7E8C1F003B852E /* Viewcon.swift in Sources */ = {isa = PBXBuildFile; fileRef = AD0ED4FA1A7E8C1F003B852E /* Viewcon.swift */; };
		AD0ED50C1A7E9036003B852E /* select.caf in Resources */ = {isa = PBXBuildFile; fileRef = AD0ED50B1A7E9036003B852E /* select.caf */; };
		AD1676241BFCCAEB00835D48 /* AdSupport.framework in Frameworks */ = {isa = PBXBuildFile; fileRef = AD1676231BFCCAEB00835D48 /* AdSupport.framework */; };
		AD1676261BFCCAFF00835D48 /* Security.framework in Frameworks */ = {isa = PBXBuildFile; fileRef = AD1676251BFCCAFF00835D48 /* Security.framework */; };
		AD1676281BFCCB1600835D48 /* ImageIO.framework in Frameworks */ = {isa = PBXBuildFile; fileRef = AD1676271BFCCB1600835D48 /* ImageIO.framework */; };
		AD1CFC191A8EE62A007EEDEE /* EventKit.framework in Frameworks */ = {isa = PBXBuildFile; fileRef = AD1CFC0F1A8EE62A007EEDEE /* EventKit.framework */; };
		AD1CFC1A1A8EE62A007EEDEE /* EventKitUI.framework in Frameworks */ = {isa = PBXBuildFile; fileRef = AD1CFC101A8EE62A007EEDEE /* EventKitUI.framework */; };
		AD2410A61C0020F500C31F17 /* GoogleMobileAds.framework in Frameworks */ = {isa = PBXBuildFile; fileRef = AD2410A51C0020F500C31F17 /* GoogleMobileAds.framework */; };
		AD6AD6BC1BFCD1DB00C2C9FB /* NADView_readme.txt in Resources */ = {isa = PBXBuildFile; fileRef = AD6AD6B81BFCD1DB00C2C9FB /* NADView_readme.txt */; };
		ADF42E731C019B0C00801C12 /* GameplayKit.framework in Frameworks */ = {isa = PBXBuildFile; fileRef = ADF42E721C019B0C00801C12 /* GameplayKit.framework */; };
		ADF6DA8A1C0087EF001D1142 /* CoreData.framework in Frameworks */ = {isa = PBXBuildFile; fileRef = ADF6DA891C0087EF001D1142 /* CoreData.framework */; };
		ADF6DA8C1C008803001D1142 /* SystemConfiguration.framework in Frameworks */ = {isa = PBXBuildFile; fileRef = ADF6DA8B1C008803001D1142 /* SystemConfiguration.framework */; };
		ADF6DA8F1C008844001D1142 /* libAdIdAccess.a in Frameworks */ = {isa = PBXBuildFile; fileRef = ADF6DA8D1C008844001D1142 /* libAdIdAccess.a */; };
		ADFDE7861BFCD97D00083618 /* Main.storyboard in Resources */ = {isa = PBXBuildFile; fileRef = ADFDE7841BFCD97D00083618 /* Main.storyboard */; };
		ADFDE78A1BFCDB0C00083618 /* Localizable.strings in Resources */ = {isa = PBXBuildFile; fileRef = ADFDE78C1BFCDB0C00083618 /* Localizable.strings */; };
		ADFDE7901BFCDCBB00083618 /* GameKit.framework in Frameworks */ = {isa = PBXBuildFile; fileRef = ADFDE78F1BFCDCBB00083618 /* GameKit.framework */; };
/* End PBXBuildFile section */

/* Begin PBXContainerItemProxy section */
		AD0ED4CD1A7E8ABB003B852E /* PBXContainerItemProxy */ = {
			isa = PBXContainerItemProxy;
			containerPortal = AD0ED4AB1A7E8ABB003B852E /* Project object */;
			proxyType = 1;
			remoteGlobalIDString = AD0ED4B21A7E8ABB003B852E;
			remoteInfo = "51 !";
		};
/* End PBXContainerItemProxy section */

/* Begin PBXFileReference section */
		AD0ED4B31A7E8ABB003B852E /* Eight.app */ = {isa = PBXFileReference; explicitFileType = wrapper.application; includeInIndex = 0; path = Eight.app; sourceTree = BUILT_PRODUCTS_DIR; };
		AD0ED4B71A7E8ABB003B852E /* Info.plist */ = {isa = PBXFileReference; lastKnownFileType = text.plist.xml; path = Info.plist; sourceTree = "<group>"; };
		AD0ED4C31A7E8ABB003B852E /* Images.xcassets */ = {isa = PBXFileReference; lastKnownFileType = folder.assetcatalog; path = Images.xcassets; sourceTree = "<group>"; };
		AD0ED4C61A7E8ABB003B852E /* Base */ = {isa = PBXFileReference; lastKnownFileType = file.xib; name = Base; path = Base.lproj/LaunchScreen.xib; sourceTree = "<group>"; };
		AD0ED4CC1A7E8ABB003B852E /* Eight.xctest */ = {isa = PBXFileReference; explicitFileType = wrapper.cfbundle; includeInIndex = 0; path = Eight.xctest; sourceTree = BUILT_PRODUCTS_DIR; };
		AD0ED4D11A7E8ABB003B852E /* Info.plist */ = {isa = PBXFileReference; lastKnownFileType = text.plist.xml; path = Info.plist; sourceTree = "<group>"; };
		AD0ED4D21A7E8ABB003B852E /* _1__Tests.swift */ = {isa = PBXFileReference; lastKnownFileType = sourcecode.swift; path = _1__Tests.swift; sourceTree = "<group>"; };
		AD0ED4DD1A7E8B78003B852E /* card2.wav */ = {isa = PBXFileReference; lastKnownFileType = audio.wav; path = card2.wav; sourceTree = "<group>"; };
		AD0ED4DF1A7E8B78003B852E /* ext.wav */ = {isa = PBXFileReference; lastKnownFileType = audio.wav; path = ext.wav; sourceTree = "<group>"; };
		AD0ED4E01A7E8B78003B852E /* click.wav */ = {isa = PBXFileReference; lastKnownFileType = audio.wav; path = click.wav; sourceTree = "<group>"; };
		AD0ED4E11A7E8B78003B852E /* cze.caf */ = {isa = PBXFileReference; lastKnownFileType = file; path = cze.caf; sourceTree = "<group>"; };
		AD0ED4E21A7E8B78003B852E /* success.wav */ = {isa = PBXFileReference; lastKnownFileType = audio.wav; path = success.wav; sourceTree = "<group>"; };
		AD0ED4EB1A7E8C1F003B852E /* title.swift */ = {isa = PBXFileReference; fileEncoding = 4; lastKnownFileType = sourcecode.swift; path = title.swift; sourceTree = "<group>"; };
		AD0ED4EC1A7E8C1F003B852E /* CoverVerticalTopSeque.swift */ = {isa = PBXFileReference; fileEncoding = 4; lastKnownFileType = sourcecode.swift; path = CoverVerticalTopSeque.swift; sourceTree = "<group>"; };
		AD0ED4ED1A7E8C1F003B852E /* GameScene.swift */ = {isa = PBXFileReference; fileEncoding = 4; lastKnownFileType = sourcecode.swift; path = GameScene.swift; sourceTree = "<group>"; };
		AD0ED4EE1A7E8C1F003B852E /* GameViewController.swift */ = {isa = PBXFileReference; fileEncoding = 4; lastKnownFileType = sourcecode.swift; path = GameViewController.swift; sourceTree = "<group>"; };
		AD0ED4EF1A7E8C1F003B852E /* AppDelegate.swift */ = {isa = PBXFileReference; fileEncoding = 4; lastKnownFileType = sourcecode.swift; path = AppDelegate.swift; sourceTree = "<group>"; };
		AD0ED4F01A7E8C1F003B852E /* score.swift */ = {isa = PBXFileReference; fileEncoding = 4; lastKnownFileType = sourcecode.swift; path = score.swift; sourceTree = "<group>"; };
		AD0ED4F11A7E8C1F003B852E /* PageItemController.swift */ = {isa = PBXFileReference; fileEncoding = 4; lastKnownFileType = sourcecode.swift; path = PageItemController.swift; sourceTree = "<group>"; };
		AD0ED4F21A7E8C1F003B852E /* Helpview.swift */ = {isa = PBXFileReference; fileEncoding = 4; lastKnownFileType = sourcecode.swift; path = Helpview.swift; sourceTree = "<group>"; };
		AD0ED4F31A7E8C1F003B852E /* customview.swift */ = {isa = PBXFileReference; fileEncoding = 4; lastKnownFileType = sourcecode.swift; path = customview.swift; sourceTree = "<group>"; };
		AD0ED4F41A7E8C1F003B852E /* logic.swift */ = {isa = PBXFileReference; fileEncoding = 4; lastKnownFileType = sourcecode.swift; path = logic.swift; sourceTree = "<group>"; };
		AD0ED4F51A7E8C1F003B852E /* point.swift */ = {isa = PBXFileReference; fileEncoding = 4; lastKnownFileType = sourcecode.swift; path = point.swift; sourceTree = "<group>"; };
		AD0ED4F61A7E8C1F003B852E /* rank.swift */ = {isa = PBXFileReference; fileEncoding = 4; lastKnownFileType = sourcecode.swift; path = rank.swift; sourceTree = "<group>"; };
		AD0ED4F71A7E8C1F003B852E /* operation.swift */ = {isa = PBXFileReference; fileEncoding = 4; lastKnownFileType = sourcecode.swift; path = operation.swift; sourceTree = "<group>"; };
		AD0ED4F91A7E8C1F003B852E /* ss.swift */ = {isa = PBXFileReference; fileEncoding = 4; lastKnownFileType = sourcecode.swift; path = ss.swift; sourceTree = "<group>"; };
		AD0ED4FA1A7E8C1F003B852E /* Viewcon.swift */ = {isa = PBXFileReference; fileEncoding = 4; lastKnownFileType = sourcecode.swift; path = Viewcon.swift; sourceTree = "<group>"; };
		AD0ED50B1A7E9036003B852E /* select.caf */ = {isa = PBXFileReference; lastKnownFileType = file; path = select.caf; sourceTree = "<group>"; };
		AD1676231BFCCAEB00835D48 /* AdSupport.framework */ = {isa = PBXFileReference; lastKnownFileType = wrapper.framework; name = AdSupport.framework; path = System/Library/Frameworks/AdSupport.framework; sourceTree = SDKROOT; };
		AD1676251BFCCAFF00835D48 /* Security.framework */ = {isa = PBXFileReference; lastKnownFileType = wrapper.framework; name = Security.framework; path = System/Library/Frameworks/Security.framework; sourceTree = SDKROOT; };
		AD1676271BFCCB1600835D48 /* ImageIO.framework */ = {isa = PBXFileReference; lastKnownFileType = wrapper.framework; name = ImageIO.framework; path = System/Library/Frameworks/ImageIO.framework; sourceTree = SDKROOT; };
		AD1CFC0F1A8EE62A007EEDEE /* EventKit.framework */ = {isa = PBXFileReference; lastKnownFileType = wrapper.framework; name = EventKit.framework; path = System/Library/Frameworks/EventKit.framework; sourceTree = SDKROOT; };
		AD1CFC101A8EE62A007EEDEE /* EventKitUI.framework */ = {isa = PBXFileReference; lastKnownFileType = wrapper.framework; name = EventKitUI.framework; path = System/Library/Frameworks/EventKitUI.framework; sourceTree = SDKROOT; };
		AD2410A51C0020F500C31F17 /* GoogleMobileAds.framework */ = {isa = PBXFileReference; lastKnownFileType = wrapper.framework; name = GoogleMobileAds.framework; path = "GoogleMobileAdsSdkiOS-7.5.2/GoogleMobileAds.framework"; sourceTree = "<group>"; };
		AD2410A71C00215200C31F17 /* libAdapterNend.a */ = {isa = PBXFileReference; lastKnownFileType = archive.ar; name = libAdapterNend.a; path = Nend/libAdapterNend.a; sourceTree = "<group>"; };
		AD6AD6B51BFCD1DB00C2C9FB /* libNendAd.a */ = {isa = PBXFileReference; lastKnownFileType = archive.ar; path = libNendAd.a; sourceTree = "<group>"; };
		AD6AD6B61BFCD1DB00C2C9FB /* NADInterstitial.h */ = {isa = PBXFileReference; fileEncoding = 4; lastKnownFileType = sourcecode.c.h; path = NADInterstitial.h; sourceTree = "<group>"; };
		AD6AD6B71BFCD1DB00C2C9FB /* NADView.h */ = {isa = PBXFileReference; fileEncoding = 4; lastKnownFileType = sourcecode.c.h; path = NADView.h; sourceTree = "<group>"; };
		AD6AD6B81BFCD1DB00C2C9FB /* NADView_readme.txt */ = {isa = PBXFileReference; fileEncoding = 4; lastKnownFileType = text; path = NADView_readme.txt; sourceTree = "<group>"; };
		AD6AD6B91BFCD1DB00C2C9FB /* NendAd-Bridging-Header.h */ = {isa = PBXFileReference; fileEncoding = 4; lastKnownFileType = sourcecode.c.h; path = "NendAd-Bridging-Header.h"; sourceTree = "<group>"; };
		AD6AD6BE1BFCD27100C2C9FB /* NendAd-Bridging-Header.h */ = {isa = PBXFileReference; fileEncoding = 4; lastKnownFileType = sourcecode.c.h; name = "NendAd-Bridging-Header.h"; path = "51 !/NendAd-Bridging-Header.h"; sourceTree = "<group>"; };
		ADF42E721C019B0C00801C12 /* GameplayKit.framework */ = {isa = PBXFileReference; lastKnownFileType = wrapper.framework; name = GameplayKit.framework; path = System/Library/Frameworks/GameplayKit.framework; sourceTree = SDKROOT; };
		ADF6DA891C0087EF001D1142 /* CoreData.framework */ = {isa = PBXFileReference; lastKnownFileType = wrapper.framework; name = CoreData.framework; path = System/Library/Frameworks/CoreData.framework; sourceTree = SDKROOT; };
		ADF6DA8B1C008803001D1142 /* SystemConfiguration.framework */ = {isa = PBXFileReference; lastKnownFileType = wrapper.framework; name = SystemConfiguration.framework; path = System/Library/Frameworks/SystemConfiguration.framework; sourceTree = SDKROOT; };
		ADF6DA8D1C008844001D1142 /* libAdIdAccess.a */ = {isa = PBXFileReference; lastKnownFileType = archive.ar; name = libAdIdAccess.a; path = GoogleAnalyticsServicesiOS_3.13/libAdIdAccess.a; sourceTree = "<group>"; };
		ADF6DA8E1C008844001D1142 /* libGoogleAnalyticsServices.a */ = {isa = PBXFileReference; lastKnownFileType = archive.ar; name = libGoogleAnalyticsServices.a; path = GoogleAnalyticsServicesiOS_3.13/libGoogleAnalyticsServices.a; sourceTree = "<group>"; };
		ADF6DA911C008896001D1142 /* libsqlite3.0.tbd */ = {isa = PBXFileReference; lastKnownFileType = "sourcecode.text-based-dylib-definition"; name = libsqlite3.0.tbd; path = usr/lib/libsqlite3.0.tbd; sourceTree = SDKROOT; };
		ADF6DA931C0088A5001D1142 /* libz.tbd */ = {isa = PBXFileReference; lastKnownFileType = "sourcecode.text-based-dylib-definition"; name = libz.tbd; path = usr/lib/libz.tbd; sourceTree = SDKROOT; };
		ADF6DA961C0088D9001D1142 /* GAI.h */ = {isa = PBXFileReference; fileEncoding = 4; lastKnownFileType = sourcecode.c.h; path = GAI.h; sourceTree = "<group>"; };
		ADF6DA971C0088D9001D1142 /* GAIDictionaryBuilder.h */ = {isa = PBXFileReference; fileEncoding = 4; lastKnownFileType = sourcecode.c.h; path = GAIDictionaryBuilder.h; sourceTree = "<group>"; };
		ADF6DA981C0088D9001D1142 /* GAIEcommerceFields.h */ = {isa = PBXFileReference; fileEncoding = 4; lastKnownFileType = sourcecode.c.h; path = GAIEcommerceFields.h; sourceTree = "<group>"; };
		ADF6DA991C0088D9001D1142 /* GAIEcommerceProduct.h */ = {isa = PBXFileReference; fileEncoding = 4; lastKnownFileType = sourcecode.c.h; path = GAIEcommerceProduct.h; sourceTree = "<group>"; };
		ADF6DA9A1C0088D9001D1142 /* GAIEcommerceProductAction.h */ = {isa = PBXFileReference; fileEncoding = 4; lastKnownFileType = sourcecode.c.h; path = GAIEcommerceProductAction.h; sourceTree = "<group>"; };
		ADF6DA9B1C0088D9001D1142 /* GAIEcommercePromotion.h */ = {isa = PBXFileReference; fileEncoding = 4; lastKnownFileType = sourcecode.c.h; path = GAIEcommercePromotion.h; sourceTree = "<group>"; };
		ADF6DA9C1C0088D9001D1142 /* GAIFields.h */ = {isa = PBXFileReference; fileEncoding = 4; lastKnownFileType = sourcecode.c.h; path = GAIFields.h; sourceTree = "<group>"; };
		ADF6DA9D1C0088D9001D1142 /* GAILogger.h */ = {isa = PBXFileReference; fileEncoding = 4; lastKnownFileType = sourcecode.c.h; path = GAILogger.h; sourceTree = "<group>"; };
		ADF6DA9E1C0088D9001D1142 /* GAITrackedViewController.h */ = {isa = PBXFileReference; fileEncoding = 4; lastKnownFileType = sourcecode.c.h; path = GAITrackedViewController.h; sourceTree = "<group>"; };
		ADF6DA9F1C0088D9001D1142 /* GAITracker.h */ = {isa = PBXFileReference; fileEncoding = 4; lastKnownFileType = sourcecode.c.h; path = GAITracker.h; sourceTree = "<group>"; };
		ADFDE7831BFCD95B00083618 /* ja */ = {isa = PBXFileReference; lastKnownFileType = text.plist.strings; name = ja; path = ja.lproj/LaunchScreen.strings; sourceTree = "<group>"; };
		ADFDE7851BFCD97D00083618 /* Base */ = {isa = PBXFileReference; lastKnownFileType = file.storyboard; name = Base; path = Base.lproj/Main.storyboard; sourceTree = "<group>"; };
		ADFDE7871BFCDA4200083618 /* en */ = {isa = PBXFileReference; lastKnownFileType = text.plist.strings; name = en; path = en.lproj/Main.strings; sourceTree = "<group>"; };
		ADFDE7891BFCDAD500083618 /* ja */ = {isa = PBXFileReference; lastKnownFileType = text.plist.strings; name = ja; path = ja.lproj/Main.strings; sourceTree = "<group>"; };
		ADFDE78B1BFCDB0C00083618 /* en */ = {isa = PBXFileReference; lastKnownFileType = text.plist.strings; name = en; path = en.lproj/Localizable.strings; sourceTree = "<group>"; };
		ADFDE78D1BFCDB0E00083618 /* ja */ = {isa = PBXFileReference; lastKnownFileType = text.plist.strings; name = ja; path = ja.lproj/Localizable.strings; sourceTree = "<group>"; };
		ADFDE78E1BFCDB1000083618 /* Base */ = {isa = PBXFileReference; lastKnownFileType = text.plist.strings; name = Base; path = Base.lproj/Localizable.strings; sourceTree = "<group>"; };
		ADFDE78F1BFCDCBB00083618 /* GameKit.framework */ = {isa = PBXFileReference; lastKnownFileType = wrapper.framework; name = GameKit.framework; path = System/Library/Frameworks/GameKit.framework; sourceTree = SDKROOT; };
/* End PBXFileReference section */

/* Begin PBXFrameworksBuildPhase section */
		AD0ED4B01A7E8ABB003B852E /* Frameworks */ = {
			isa = PBXFrameworksBuildPhase;
			buildActionMask = 2147483647;
			files = (
				ADF42E731C019B0C00801C12 /* GameplayKit.framework in Frameworks */,
				ADF6DA8C1C008803001D1142 /* SystemConfiguration.framework in Frameworks */,
				ADF6DA8F1C008844001D1142 /* libAdIdAccess.a in Frameworks */,
				ADF6DA8A1C0087EF001D1142 /* CoreData.framework in Frameworks */,
				AD2410A61C0020F500C31F17 /* GoogleMobileAds.framework in Frameworks */,
				AD1676281BFCCB1600835D48 /* ImageIO.framework in Frameworks */,
				AD1676261BFCCAFF00835D48 /* Security.framework in Frameworks */,
				AD1676241BFCCAEB00835D48 /* AdSupport.framework in Frameworks */,
				AD1CFC191A8EE62A007EEDEE /* EventKit.framework in Frameworks */,
				AD1CFC1A1A8EE62A007EEDEE /* EventKitUI.framework in Frameworks */,
				ADFDE7901BFCDCBB00083618 /* GameKit.framework in Frameworks */,
			);
			runOnlyForDeploymentPostprocessing = 0;
		};
		AD0ED4C91A7E8ABB003B852E /* Frameworks */ = {
			isa = PBXFrameworksBuildPhase;
			buildActionMask = 2147483647;
			files = (
			);
			runOnlyForDeploymentPostprocessing = 0;
		};
/* End PBXFrameworksBuildPhase section */

/* Begin PBXGroup section */
		AD0ED4AA1A7E8ABB003B852E = {
			isa = PBXGroup;
			children = (
				ADF42E721C019B0C00801C12 /* GameplayKit.framework */,
				ADF6DA951C0088D9001D1142 /* Library */,
				ADF6DA931C0088A5001D1142 /* libz.tbd */,
				ADF6DA911C008896001D1142 /* libsqlite3.0.tbd */,
				ADF6DA8D1C008844001D1142 /* libAdIdAccess.a */,
				ADF6DA8E1C008844001D1142 /* libGoogleAnalyticsServices.a */,
				ADF6DA8B1C008803001D1142 /* SystemConfiguration.framework */,
				ADF6DA891C0087EF001D1142 /* CoreData.framework */,
				AD2410A71C00215200C31F17 /* libAdapterNend.a */,
				AD2410A51C0020F500C31F17 /* GoogleMobileAds.framework */,
				ADFDE78F1BFCDCBB00083618 /* GameKit.framework */,
				AD6AD6BE1BFCD27100C2C9FB /* NendAd-Bridging-Header.h */,
				AD6AD6B31BFCD1DB00C2C9FB /* Nend */,
				AD1676271BFCCB1600835D48 /* ImageIO.framework */,
				AD1676251BFCCAFF00835D48 /* Security.framework */,
				AD1676231BFCCAEB00835D48 /* AdSupport.framework */,
				AD1CFC0F1A8EE62A007EEDEE /* EventKit.framework */,
				AD1CFC101A8EE62A007EEDEE /* EventKitUI.framework */,
				AD0ED4B51A7E8ABB003B852E /* Eight */,
				AD0ED4CF1A7E8ABB003B852E /* EightTests */,
				AD0ED4B41A7E8ABB003B852E /* Products */,
			);
			sourceTree = "<group>";
		};
		AD0ED4B41A7E8ABB003B852E /* Products */ = {
			isa = PBXGroup;
			children = (
				AD0ED4B31A7E8ABB003B852E /* Eight.app */,
				AD0ED4CC1A7E8ABB003B852E /* Eight.xctest */,
			);
			name = Products;
			sourceTree = "<group>";
		};
		AD0ED4B51A7E8ABB003B852E /* Eight */ = {
			isa = PBXGroup;
			children = (
				AD0ED4DC1A7E8B58003B852E /* sound */,
				AD0ED4C31A7E8ABB003B852E /* Images.xcassets */,
				AD0ED4EB1A7E8C1F003B852E /* title.swift */,
				ADFDE7841BFCD97D00083618 /* Main.storyboard */,
				AD0ED4EC1A7E8C1F003B852E /* CoverVerticalTopSeque.swift */,
				AD0ED4ED1A7E8C1F003B852E /* GameScene.swift */,
				AD0ED4EE1A7E8C1F003B852E /* GameViewController.swift */,
				AD0ED4EF1A7E8C1F003B852E /* AppDelegate.swift */,
				ADFDE78C1BFCDB0C00083618 /* Localizable.strings */,
				AD0ED4F01A7E8C1F003B852E /* score.swift */,
				AD0ED4F11A7E8C1F003B852E /* PageItemController.swift */,
				AD0ED4F21A7E8C1F003B852E /* Helpview.swift */,
				AD0ED4F31A7E8C1F003B852E /* customview.swift */,
				AD0ED4F41A7E8C1F003B852E /* logic.swift */,
				AD0ED4F51A7E8C1F003B852E /* point.swift */,
				AD0ED4F61A7E8C1F003B852E /* rank.swift */,
				AD0ED4F71A7E8C1F003B852E /* operation.swift */,
				AD0ED4F91A7E8C1F003B852E /* ss.swift */,
				AD0ED4FA1A7E8C1F003B852E /* Viewcon.swift */,
				AD0ED4C51A7E8ABB003B852E /* LaunchScreen.xib */,
				AD0ED4B61A7E8ABB003B852E /* Supporting Files */,
			);
			name = Eight;
			path = "51 !";
			sourceTree = "<group>";
		};
		AD0ED4B61A7E8ABB003B852E /* Supporting Files */ = {
			isa = PBXGroup;
			children = (
				AD0ED4B71A7E8ABB003B852E /* Info.plist */,
			);
			name = "Supporting Files";
			sourceTree = "<group>";
		};
		AD0ED4CF1A7E8ABB003B852E /* EightTests */ = {
			isa = PBXGroup;
			children = (
				AD0ED4D21A7E8ABB003B852E /* _1__Tests.swift */,
				AD0ED4D01A7E8ABB003B852E /* Supporting Files */,
			);
			name = EightTests;
			path = "51 !Tests";
			sourceTree = "<group>";
		};
		AD0ED4D01A7E8ABB003B852E /* Supporting Files */ = {
			isa = PBXGroup;
			children = (
				AD0ED4D11A7E8ABB003B852E /* Info.plist */,
			);
			name = "Supporting Files";
			sourceTree = "<group>";
		};
		AD0ED4DC1A7E8B58003B852E /* sound */ = {
			isa = PBXGroup;
			children = (
				AD0ED4DD1A7E8B78003B852E /* card2.wav */,
				AD0ED4DF1A7E8B78003B852E /* ext.wav */,
				AD0ED50B1A7E9036003B852E /* select.caf */,
				AD0ED4E01A7E8B78003B852E /* click.wav */,
				AD0ED4E11A7E8B78003B852E /* cze.caf */,
				AD0ED4E21A7E8B78003B852E /* success.wav */,
			);
			name = sound;
			sourceTree = "<group>";
		};
		AD6AD6B31BFCD1DB00C2C9FB /* Nend */ = {
			isa = PBXGroup;
			children = (
				AD6AD6B41BFCD1DB00C2C9FB /* NendAd */,
				AD6AD6B91BFCD1DB00C2C9FB /* NendAd-Bridging-Header.h */,
			);
			path = Nend;
			sourceTree = "<group>";
		};
		AD6AD6B41BFCD1DB00C2C9FB /* NendAd */ = {
			isa = PBXGroup;
			children = (
				AD6AD6B51BFCD1DB00C2C9FB /* libNendAd.a */,
				AD6AD6B61BFCD1DB00C2C9FB /* NADInterstitial.h */,
				AD6AD6B71BFCD1DB00C2C9FB /* NADView.h */,
				AD6AD6B81BFCD1DB00C2C9FB /* NADView_readme.txt */,
			);
			path = NendAd;
			sourceTree = "<group>";
		};
		ADF6DA951C0088D9001D1142 /* Library */ = {
			isa = PBXGroup;
			children = (
				ADF6DA961C0088D9001D1142 /* GAI.h */,
				ADF6DA971C0088D9001D1142 /* GAIDictionaryBuilder.h */,
				ADF6DA981C0088D9001D1142 /* GAIEcommerceFields.h */,
				ADF6DA991C0088D9001D1142 /* GAIEcommerceProduct.h */,
				ADF6DA9A1C0088D9001D1142 /* GAIEcommerceProductAction.h */,
				ADF6DA9B1C0088D9001D1142 /* GAIEcommercePromotion.h */,
				ADF6DA9C1C0088D9001D1142 /* GAIFields.h */,
				ADF6DA9D1C0088D9001D1142 /* GAILogger.h */,
				ADF6DA9E1C0088D9001D1142 /* GAITrackedViewController.h */,
				ADF6DA9F1C0088D9001D1142 /* GAITracker.h */,
			);
			name = Library;
			path = GoogleAnalyticsServicesiOS_3.13/GoogleAnalytics/Library;
			sourceTree = "<group>";
		};
/* End PBXGroup section */

/* Begin PBXNativeTarget section */
		AD0ED4B21A7E8ABB003B852E /* Eight */ = {
			isa = PBXNativeTarget;
			buildConfigurationList = AD0ED4D61A7E8ABB003B852E /* Build configuration list for PBXNativeTarget "Eight" */;
			buildPhases = (
				AD0ED4AF1A7E8ABB003B852E /* Sources */,
				AD0ED4B01A7E8ABB003B852E /* Frameworks */,
				AD0ED4B11A7E8ABB003B852E /* Resources */,
			);
			buildRules = (
			);
			dependencies = (
			);
			name = Eight;
			productName = "51 !";
			productReference = AD0ED4B31A7E8ABB003B852E /* Eight.app */;
			productType = "com.apple.product-type.application";
		};
		AD0ED4CB1A7E8ABB003B852E /* EightTests */ = {
			isa = PBXNativeTarget;
			buildConfigurationList = AD0ED4D91A7E8ABB003B852E /* Build configuration list for PBXNativeTarget "EightTests" */;
			buildPhases = (
				AD0ED4C81A7E8ABB003B852E /* Sources */,
				AD0ED4C91A7E8ABB003B852E /* Frameworks */,
				AD0ED4CA1A7E8ABB003B852E /* Resources */,
			);
			buildRules = (
			);
			dependencies = (
				AD0ED4CE1A7E8ABB003B852E /* PBXTargetDependency */,
			);
			name = EightTests;
			productName = "51 !Tests";
			productReference = AD0ED4CC1A7E8ABB003B852E /* Eight.xctest */;
			productType = "com.apple.product-type.bundle.unit-test";
		};
/* End PBXNativeTarget section */

/* Begin PBXProject section */
		AD0ED4AB1A7E8ABB003B852E /* Project object */ = {
			isa = PBXProject;
			attributes = {
				LastSwiftMigration = 0700;
				LastSwiftUpdateCheck = 0700;
				LastUpgradeCheck = 0610;
				ORGANIZATIONNAME = game;
				TargetAttributes = {
					AD0ED4B21A7E8ABB003B852E = {
						CreatedOnToolsVersion = 6.1.1;
						DevelopmentTeam = 4CA47QSJM2;
						SystemCapabilities = {
							com.apple.GameCenter = {
								enabled = 1;
							};
						};
					};
					AD0ED4CB1A7E8ABB003B852E = {
						CreatedOnToolsVersion = 6.1.1;
						DevelopmentTeam = 4CA47QSJM2;
						TestTargetID = AD0ED4B21A7E8ABB003B852E;
					};
				};
			};
			buildConfigurationList = AD0ED4AE1A7E8ABB003B852E /* Build configuration list for PBXProject "Eight" */;
			compatibilityVersion = "Xcode 3.2";
			developmentRegion = English;
			hasScannedForEncodings = 0;
			knownRegions = (
				en,
				Base,
				ja,
			);
			mainGroup = AD0ED4AA1A7E8ABB003B852E;
			productRefGroup = AD0ED4B41A7E8ABB003B852E /* Products */;
			projectDirPath = "";
			projectRoot = "";
			targets = (
				AD0ED4B21A7E8ABB003B852E /* Eight */,
				AD0ED4CB1A7E8ABB003B852E /* EightTests */,
			);
		};
/* End PBXProject section */

/* Begin PBXResourcesBuildPhase section */
		AD0ED4B11A7E8ABB003B852E /* Resources */ = {
			isa = PBXResourcesBuildPhase;
			buildActionMask = 2147483647;
			files = (
				AD0ED4E51A7E8B78003B852E /* ext.wav in Resources */,
				ADFDE78A1BFCDB0C00083618 /* Localizable.strings in Resources */,
				ADFDE7861BFCD97D00083618 /* Main.storyboard in Resources */,
				AD0ED4E71A7E8B78003B852E /* cze.caf in Resources */,
				AD0ED4E61A7E8B78003B852E /* click.wav in Resources */,
				AD0ED50C1A7E9036003B852E /* select.caf in Resources */,
				AD6AD6BC1BFCD1DB00C2C9FB /* NADView_readme.txt in Resources */,
				AD0ED4C71A7E8ABB003B852E /* LaunchScreen.xib in Resources */,
				AD0ED4E81A7E8B78003B852E /* success.wav in Resources */,
				AD0ED4E31A7E8B78003B852E /* card2.wav in Resources */,
				AD0ED4C41A7E8ABB003B852E /* Images.xcassets in Resources */,
			);
			runOnlyForDeploymentPostprocessing = 0;
		};
		AD0ED4CA1A7E8ABB003B852E /* Resources */ = {
			isa = PBXResourcesBuildPhase;
			buildActionMask = 2147483647;
			files = (
			);
			runOnlyForDeploymentPostprocessing = 0;
		};
/* End PBXResourcesBuildPhase section */

/* Begin PBXSourcesBuildPhase section */
		AD0ED4AF1A7E8ABB003B852E /* Sources */ = {
			isa = PBXSourcesBuildPhase;
			buildActionMask = 2147483647;
			files = (
				AD0ED5041A7E8C1F003B852E /* logic.swift in Sources */,
				AD0ED4FE1A7E8C1F003B852E /* GameViewController.swift in Sources */,
				AD0ED5011A7E8C1F003B852E /* PageItemController.swift in Sources */,
				AD0ED50A1A7E8C1F003B852E /* Viewcon.swift in Sources */,
				AD0ED4FD1A7E8C1F003B852E /* GameScene.swift in Sources */,
				AD0ED5001A7E8C1F003B852E /* score.swift in Sources */,
				AD0ED5091A7E8C1F003B852E /* ss.swift in Sources */,
				AD0ED5061A7E8C1F003B852E /* rank.swift in Sources */,
				AD0ED4FB1A7E8C1F003B852E /* title.swift in Sources */,
				AD0ED5031A7E8C1F003B852E /* customview.swift in Sources */,
				AD0ED5051A7E8C1F003B852E /* point.swift in Sources */,
				AD0ED5021A7E8C1F003B852E /* Helpview.swift in Sources */,
				AD0ED4FF1A7E8C1F003B852E /* AppDelegate.swift in Sources */,
				AD0ED4FC1A7E8C1F003B852E /* CoverVerticalTopSeque.swift in Sources */,
				AD0ED5071A7E8C1F003B852E /* operation.swift in Sources */,
			);
			runOnlyForDeploymentPostprocessing = 0;
		};
		AD0ED4C81A7E8ABB003B852E /* Sources */ = {
			isa = PBXSourcesBuildPhase;
			buildActionMask = 2147483647;
			files = (
				AD0ED4D31A7E8ABB003B852E /* _1__Tests.swift in Sources */,
			);
			runOnlyForDeploymentPostprocessing = 0;
		};
/* End PBXSourcesBuildPhase section */

/* Begin PBXTargetDependency section */
		AD0ED4CE1A7E8ABB003B852E /* PBXTargetDependency */ = {
			isa = PBXTargetDependency;
			target = AD0ED4B21A7E8ABB003B852E /* Eight */;
			targetProxy = AD0ED4CD1A7E8ABB003B852E /* PBXContainerItemProxy */;
		};
/* End PBXTargetDependency section */

/* Begin PBXVariantGroup section */
		AD0ED4C51A7E8ABB003B852E /* LaunchScreen.xib */ = {
			isa = PBXVariantGroup;
			children = (
				AD0ED4C61A7E8ABB003B852E /* Base */,
				ADFDE7831BFCD95B00083618 /* ja */,
			);
			name = LaunchScreen.xib;
			sourceTree = "<group>";
		};
		ADFDE7841BFCD97D00083618 /* Main.storyboard */ = {
			isa = PBXVariantGroup;
			children = (
				ADFDE7851BFCD97D00083618 /* Base */,
				ADFDE7871BFCDA4200083618 /* en */,
				ADFDE7891BFCDAD500083618 /* ja */,
			);
			name = Main.storyboard;
			sourceTree = "<group>";
		};
		ADFDE78C1BFCDB0C00083618 /* Localizable.strings */ = {
			isa = PBXVariantGroup;
			children = (
				ADFDE78B1BFCDB0C00083618 /* en */,
				ADFDE78D1BFCDB0E00083618 /* ja */,
				ADFDE78E1BFCDB1000083618 /* Base */,
			);
			name = Localizable.strings;
			sourceTree = "<group>";
		};
/* End PBXVariantGroup section */

/* Begin XCBuildConfiguration section */
		AD0ED4D41A7E8ABB003B852E /* Debug */ = {
			isa = XCBuildConfiguration;
			buildSettings = {
				ALWAYS_SEARCH_USER_PATHS = NO;
				CLANG_CXX_LANGUAGE_STANDARD = "gnu++0x";
				CLANG_CXX_LIBRARY = "libc++";
				CLANG_ENABLE_MODULES = YES;
				CLANG_ENABLE_OBJC_ARC = YES;
				CLANG_WARN_BOOL_CONVERSION = YES;
				CLANG_WARN_CONSTANT_CONVERSION = YES;
				CLANG_WARN_DIRECT_OBJC_ISA_USAGE = YES_ERROR;
				CLANG_WARN_EMPTY_BODY = YES;
				CLANG_WARN_ENUM_CONVERSION = YES;
				CLANG_WARN_INT_CONVERSION = YES;
				CLANG_WARN_OBJC_ROOT_CLASS = YES_ERROR;
				CLANG_WARN_UNREACHABLE_CODE = YES;
				CLANG_WARN__DUPLICATE_METHOD_MATCH = YES;
				"CODE_SIGN_IDENTITY[sdk=iphoneos*]" = "iPhone Developer";
				COPY_PHASE_STRIP = NO;
				ENABLE_STRICT_OBJC_MSGSEND = YES;
				GCC_C_LANGUAGE_STANDARD = gnu99;
				GCC_DYNAMIC_NO_PIC = NO;
				GCC_OPTIMIZATION_LEVEL = 0;
				GCC_PREPROCESSOR_DEFINITIONS = (
					"DEBUG=1",
					"$(inherited)",
				);
				GCC_SYMBOLS_PRIVATE_EXTERN = NO;
				GCC_WARN_64_TO_32_BIT_CONVERSION = YES;
				GCC_WARN_ABOUT_RETURN_TYPE = YES_ERROR;
				GCC_WARN_UNDECLARED_SELECTOR = YES;
				GCC_WARN_UNINITIALIZED_AUTOS = YES_AGGRESSIVE;
				GCC_WARN_UNUSED_FUNCTION = YES;
				GCC_WARN_UNUSED_VARIABLE = YES;
				IPHONEOS_DEPLOYMENT_TARGET = 8.1;
				MTL_ENABLE_DEBUG_INFO = YES;
				ONLY_ACTIVE_ARCH = YES;
				"OTHER_LDFLAGS[arch=*]" = "-ObjC";
				PROVISIONING_PROFILE = "eb426781-3db5-4d51-bdc5-0036cd40eed9";
				SDKROOT = iphoneos;
				SWIFT_OPTIMIZATION_LEVEL = "-Onone";
				TARGETED_DEVICE_FAMILY = "1,2";
			};
			name = Debug;
		};
		AD0ED4D51A7E8ABB003B852E /* Release */ = {
			isa = XCBuildConfiguration;
			buildSettings = {
				ALWAYS_SEARCH_USER_PATHS = NO;
				CLANG_CXX_LANGUAGE_STANDARD = "gnu++0x";
				CLANG_CXX_LIBRARY = "libc++";
				CLANG_ENABLE_MODULES = YES;
				CLANG_ENABLE_OBJC_ARC = YES;
				CLANG_WARN_BOOL_CONVERSION = YES;
				CLANG_WARN_CONSTANT_CONVERSION = YES;
				CLANG_WARN_DIRECT_OBJC_ISA_USAGE = YES_ERROR;
				CLANG_WARN_EMPTY_BODY = YES;
				CLANG_WARN_ENUM_CONVERSION = YES;
				CLANG_WARN_INT_CONVERSION = YES;
				CLANG_WARN_OBJC_ROOT_CLASS = YES_ERROR;
				CLANG_WARN_UNREACHABLE_CODE = YES;
				CLANG_WARN__DUPLICATE_METHOD_MATCH = YES;
				CODE_SIGN_IDENTITY = "iPhone Developer";
				"CODE_SIGN_IDENTITY[sdk=iphoneos*]" = "iPhone Distribution: AYATO KUWABARA (4CA47QSJM2)";
				COPY_PHASE_STRIP = YES;
				ENABLE_NS_ASSERTIONS = NO;
				ENABLE_STRICT_OBJC_MSGSEND = YES;
				GCC_C_LANGUAGE_STANDARD = gnu99;
				GCC_WARN_64_TO_32_BIT_CONVERSION = YES;
				GCC_WARN_ABOUT_RETURN_TYPE = YES_ERROR;
				GCC_WARN_UNDECLARED_SELECTOR = YES;
				GCC_WARN_UNINITIALIZED_AUTOS = YES_AGGRESSIVE;
				GCC_WARN_UNUSED_FUNCTION = YES;
				GCC_WARN_UNUSED_VARIABLE = YES;
				IPHONEOS_DEPLOYMENT_TARGET = 8.1;
				MTL_ENABLE_DEBUG_INFO = NO;
				"OTHER_LDFLAGS[arch=*]" = "-ObjC";
				PROVISIONING_PROFILE = "eb426781-3db5-4d51-bdc5-0036cd40eed9";
				SDKROOT = iphoneos;
				TARGETED_DEVICE_FAMILY = "1,2";
				VALIDATE_PRODUCT = YES;
			};
			name = Release;
		};
		AD0ED4D71A7E8ABB003B852E /* Debug */ = {
			isa = XCBuildConfiguration;
			buildSettings = {
				ASSETCATALOG_COMPILER_APPICON_NAME = AppIcon;
				CLANG_ENABLE_MODULES = YES;
				CODE_SIGN_IDENTITY = "iPhone Developer";
				"CODE_SIGN_IDENTITY[sdk=iphoneos*]" = "iPhone Developer";
				"CODE_SIGN_IDENTITY[sdk=iphoneos9.0]" = "iPhone Developer";
				ENABLE_BITCODE = NO;
				FRAMEWORK_SEARCH_PATHS = "$(PROJECT_DIR)/GoogleMobileAdsSdkiOS-7.5.2";
				HEADER_SEARCH_PATHS = (
					"$(inherited)",
					"\"${PODS_ROOT}/Headers/Public\"",
					"\"${PODS_ROOT}/Headers/Public/Google-Mobile-Ads-SDK\"",
				);
				INFOPLIST_FILE = "51 !/Info.plist";
				LD_RUNPATH_SEARCH_PATHS = "$(inherited) @executable_path/Frameworks";
				LIBRARY_SEARCH_PATHS = (
					"$(inherited)",
					"$(PROJECT_DIR)/NendAd",
					"$(PROJECT_DIR)/51",
					"!/NendAd",
					"$(PROJECT_DIR)/Nend/NendAd",
					"$(PROJECT_DIR)/Nend",
					"$(PROJECT_DIR)/GoogleAnalyticsServicesiOS_3.13",
				);
				OTHER_LDFLAGS = "";
				PRODUCT_NAME = Eight;
				PROVISIONING_PROFILE = "eb426781-3db5-4d51-bdc5-0036cd40eed9";
				SWIFT_OBJC_BRIDGING_HEADER = "";
				SWIFT_OPTIMIZATION_LEVEL = "-Onone";
				TARGETED_DEVICE_FAMILY = "1,2";
			};
			name = Debug;
		};
		AD0ED4D81A7E8ABB003B852E /* Release */ = {
			isa = XCBuildConfiguration;
			buildSettings = {
				ASSETCATALOG_COMPILER_APPICON_NAME = AppIcon;
				CLANG_ENABLE_MODULES = YES;
				CODE_SIGN_IDENTITY = "iPhone Distribution: AYATO KUWABARA (4CA47QSJM2)";
				"CODE_SIGN_IDENTITY[sdk=iphoneos*]" = "iPhone Distribution: AYATO KUWABARA (4CA47QSJM2)";
				ENABLE_BITCODE = NO;
				FRAMEWORK_SEARCH_PATHS = "$(PROJECT_DIR)/GoogleMobileAdsSdkiOS-7.5.2";
				HEADER_SEARCH_PATHS = (
					"$(inherited)",
					"\"${PODS_ROOT}/Headers/Public\"",
					"\"${PODS_ROOT}/Headers/Public/Google-Mobile-Ads-SDK\"",
				);
				INFOPLIST_FILE = "51 !/Info.plist";
				LD_RUNPATH_SEARCH_PATHS = "$(inherited) @executable_path/Frameworks";
				LIBRARY_SEARCH_PATHS = (
					"$(inherited)",
					"$(PROJECT_DIR)/NendAd",
					"$(PROJECT_DIR)/51",
					"!/NendAd",
					"$(PROJECT_DIR)/Nend/NendAd",
					"$(PROJECT_DIR)/Nend",
					"$(PROJECT_DIR)/GoogleAnalyticsServicesiOS_3.13",
				);
				OTHER_LDFLAGS = "";
				PRODUCT_NAME = Eight;
				PROVISIONING_PROFILE = "eb426781-3db5-4d51-bdc5-0036cd40eed9";
				SWIFT_OBJC_BRIDGING_HEADER = "";
				TARGETED_DEVICE_FAMILY = "1,2";
			};
			name = Release;
		};
		AD0ED4DA1A7E8ABB003B852E /* Debug */ = {
			isa = XCBuildConfiguration;
			buildSettings = {
				BUNDLE_LOADER = "$(TEST_HOST)";
				CODE_SIGN_IDENTITY = "iPhone Developer";
				"CODE_SIGN_IDENTITY[sdk=iphoneos*]" = "iPhone Developer";
				FRAMEWORK_SEARCH_PATHS = (
					"$(SDKROOT)/Developer/Library/Frameworks",
					"$(inherited)",
				);
				GCC_PREPROCESSOR_DEFINITIONS = (
					"DEBUG=1",
					"$(inherited)",
				);
				INFOPLIST_FILE = "51 !Tests/Info.plist";
				LD_RUNPATH_SEARCH_PATHS = "$(inherited) @executable_path/Frameworks @loader_path/Frameworks";
				PRODUCT_NAME = Eight;
				PROVISIONING_PROFILE = "";
				TEST_HOST = "$(BUILT_PRODUCTS_DIR)/Eight.app/Eight";
			};
			name = Debug;
		};
		AD0ED4DB1A7E8ABB003B852E /* Release */ = {
			isa = XCBuildConfiguration;
			buildSettings = {
				BUNDLE_LOADER = "$(TEST_HOST)";
				CODE_SIGN_IDENTITY = "iPhone Developer";
				"CODE_SIGN_IDENTITY[sdk=iphoneos*]" = "iPhone Developer";
				FRAMEWORK_SEARCH_PATHS = (
					"$(SDKROOT)/Developer/Library/Frameworks",
					"$(inherited)",
				);
				INFOPLIST_FILE = "51 !Tests/Info.plist";
				LD_RUNPATH_SEARCH_PATHS = "$(inherited) @executable_path/Frameworks @loader_path/Frameworks";
				PRODUCT_NAME = Eight;
				PROVISIONING_PROFILE = "";
				TEST_HOST = "$(BUILT_PRODUCTS_DIR)/Eight.app/Eight";
			};
			name = Release;
		};
/* End XCBuildConfiguration section */

/* Begin XCConfigurationList section */
		AD0ED4AE1A7E8ABB003B852E /* Build configuration list for PBXProject "Eight" */ = {
			isa = XCConfigurationList;
			buildConfigurations = (
				AD0ED4D41A7E8ABB003B852E /* Debug */,
				AD0ED4D51A7E8ABB003B852E /* Release */,
			);
			defaultConfigurationIsVisible = 0;
			defaultConfigurationName = Release;
		};
		AD0ED4D61A7E8ABB003B852E /* Build configuration list for PBXNativeTarget "Eight" */ = {
			isa = XCConfigurationList;
			buildConfigurations = (
				AD0ED4D71A7E8ABB003B852E /* Debug */,
				AD0ED4D81A7E8ABB003B852E /* Release */,
			);
			defaultConfigurationIsVisible = 0;
			defaultConfigurationName = Release;
		};
		AD0ED4D91A7E8ABB003B852E /* Build configuration list for PBXNativeTarget "EightTests" */ = {
			isa = XCConfigurationList;
			buildConfigurations = (
				AD0ED4DA1A7E8ABB003B852E /* Debug */,
				AD0ED4DB1A7E8ABB003B852E /* Release */,
			);
			defaultConfigurationIsVisible = 0;
			defaultConfigurationName = Release;
		};
/* End XCConfigurationList section */
	};
	rootObject = AD0ED4AB1A7E8ABB003B852E /* Project object */;
}
